// !$*UTF8*$!
{
	archiveVersion = 1;
	classes = {
	};
	objectVersion = 56;
	objects = {

/* Begin PBXBuildFile section */
		3FA631492ABED34D002F3AE1 /* ZenApp.swift in Sources */ = {isa = PBXBuildFile; fileRef = 3FA631482ABED34D002F3AE1 /* ZenApp.swift */; };
		3FA6314B2ABED34D002F3AE1 /* Persistence.swift in Sources */ = {isa = PBXBuildFile; fileRef = 3FA6314A2ABED34D002F3AE1 /* Persistence.swift */; };
		3FA6314E2ABED34D002F3AE1 /* Zen.xcdatamodeld in Sources */ = {isa = PBXBuildFile; fileRef = 3FA6314C2ABED34D002F3AE1 /* Zen.xcdatamodeld */; };
		3FA631502ABED34D002F3AE1 /* ContentView.swift in Sources */ = {isa = PBXBuildFile; fileRef = 3FA6314F2ABED34D002F3AE1 /* ContentView.swift */; };
		3FA631522ABED350002F3AE1 /* Assets.xcassets in Resources */ = {isa = PBXBuildFile; fileRef = 3FA631512ABED350002F3AE1 /* Assets.xcassets */; };
		3FA631562ABED350002F3AE1 /* Preview Assets.xcassets in Resources */ = {isa = PBXBuildFile; fileRef = 3FA631552ABED350002F3AE1 /* Preview Assets.xcassets */; };
		3FA631612ABED350002F3AE1 /* ZenTests.swift in Sources */ = {isa = PBXBuildFile; fileRef = 3FA631602ABED350002F3AE1 /* ZenTests.swift */; };
		3FA6316B2ABED350002F3AE1 /* ZenUITests.swift in Sources */ = {isa = PBXBuildFile; fileRef = 3FA6316A2ABED350002F3AE1 /* ZenUITests.swift */; };
		3FA6316D2ABED350002F3AE1 /* ZenUITestsLaunchTests.swift in Sources */ = {isa = PBXBuildFile; fileRef = 3FA6316C2ABED350002F3AE1 /* ZenUITestsLaunchTests.swift */; };
/* End PBXBuildFile section */

/* Begin PBXContainerItemProxy section */
		3FA6315D2ABED350002F3AE1 /* PBXContainerItemProxy */ = {
			isa = PBXContainerItemProxy;
			containerPortal = 3FA6313D2ABED34C002F3AE1 /* Project object */;
			proxyType = 1;
			remoteGlobalIDString = 3FA631442ABED34D002F3AE1;
			remoteInfo = Zen;
		};
		3FA631672ABED350002F3AE1 /* PBXContainerItemProxy */ = {
			isa = PBXContainerItemProxy;
			containerPortal = 3FA6313D2ABED34C002F3AE1 /* Project object */;
			proxyType = 1;
			remoteGlobalIDString = 3FA631442ABED34D002F3AE1;
			remoteInfo = Zen;
		};
/* End PBXContainerItemProxy section */

/* Begin PBXFileReference section */
		3FA631452ABED34D002F3AE1 /* Zen.app */ = {isa = PBXFileReference; explicitFileType = wrapper.application; includeInIndex = 0; path = Zen.app; sourceTree = BUILT_PRODUCTS_DIR; };
		3FA631482ABED34D002F3AE1 /* ZenApp.swift */ = {isa = PBXFileReference; lastKnownFileType = sourcecode.swift; path = ZenApp.swift; sourceTree = "<group>"; };
		3FA6314A2ABED34D002F3AE1 /* Persistence.swift */ = {isa = PBXFileReference; lastKnownFileType = sourcecode.swift; path = Persistence.swift; sourceTree = "<group>"; };
		3FA6314D2ABED34D002F3AE1 /* Zen.xcdatamodel */ = {isa = PBXFileReference; lastKnownFileType = wrapper.xcdatamodel; path = Zen.xcdatamodel; sourceTree = "<group>"; };
		3FA6314F2ABED34D002F3AE1 /* ContentView.swift */ = {isa = PBXFileReference; lastKnownFileType = sourcecode.swift; path = ContentView.swift; sourceTree = "<group>"; };
		3FA631512ABED350002F3AE1 /* Assets.xcassets */ = {isa = PBXFileReference; lastKnownFileType = folder.assetcatalog; path = Assets.xcassets; sourceTree = "<group>"; };
		3FA631532ABED350002F3AE1 /* Zen.entitlements */ = {isa = PBXFileReference; lastKnownFileType = text.plist.entitlements; path = Zen.entitlements; sourceTree = "<group>"; };
		3FA631552ABED350002F3AE1 /* Preview Assets.xcassets */ = {isa = PBXFileReference; lastKnownFileType = folder.assetcatalog; path = "Preview Assets.xcassets"; sourceTree = "<group>"; };
		3FA631572ABED350002F3AE1 /* Info.plist */ = {isa = PBXFileReference; lastKnownFileType = text.plist.xml; path = Info.plist; sourceTree = "<group>"; };
		3FA6315C2ABED350002F3AE1 /* ZenTests.xctest */ = {isa = PBXFileReference; explicitFileType = wrapper.cfbundle; includeInIndex = 0; path = ZenTests.xctest; sourceTree = BUILT_PRODUCTS_DIR; };
		3FA631602ABED350002F3AE1 /* ZenTests.swift */ = {isa = PBXFileReference; lastKnownFileType = sourcecode.swift; path = ZenTests.swift; sourceTree = "<group>"; };
		3FA631662ABED350002F3AE1 /* ZenUITests.xctest */ = {isa = PBXFileReference; explicitFileType = wrapper.cfbundle; includeInIndex = 0; path = ZenUITests.xctest; sourceTree = BUILT_PRODUCTS_DIR; };
		3FA6316A2ABED350002F3AE1 /* ZenUITests.swift */ = {isa = PBXFileReference; lastKnownFileType = sourcecode.swift; path = ZenUITests.swift; sourceTree = "<group>"; };
		3FA6316C2ABED350002F3AE1 /* ZenUITestsLaunchTests.swift */ = {isa = PBXFileReference; lastKnownFileType = sourcecode.swift; path = ZenUITestsLaunchTests.swift; sourceTree = "<group>"; };
/* End PBXFileReference section */

/* Begin PBXFrameworksBuildPhase section */
		3FA631422ABED34D002F3AE1 /* Frameworks */ = {
			isa = PBXFrameworksBuildPhase;
			buildActionMask = 2147483647;
			files = (
			);
			runOnlyForDeploymentPostprocessing = 0;
		};
		3FA631592ABED350002F3AE1 /* Frameworks */ = {
			isa = PBXFrameworksBuildPhase;
			buildActionMask = 2147483647;
			files = (
			);
			runOnlyForDeploymentPostprocessing = 0;
		};
		3FA631632ABED350002F3AE1 /* Frameworks */ = {
			isa = PBXFrameworksBuildPhase;
			buildActionMask = 2147483647;
			files = (
			);
			runOnlyForDeploymentPostprocessing = 0;
		};
/* End PBXFrameworksBuildPhase section */

/* Begin PBXGroup section */
		3FA6313C2ABED34C002F3AE1 = {
			isa = PBXGroup;
			children = (
				3FA631472ABED34D002F3AE1 /* Zen */,
				3FA6315F2ABED350002F3AE1 /* ZenTests */,
				3FA631692ABED350002F3AE1 /* ZenUITests */,
				3FA631462ABED34D002F3AE1 /* Products */,
			);
			sourceTree = "<group>";
		};
		3FA631462ABED34D002F3AE1 /* Products */ = {
			isa = PBXGroup;
			children = (
				3FA631452ABED34D002F3AE1 /* Zen.app */,
				3FA6315C2ABED350002F3AE1 /* ZenTests.xctest */,
				3FA631662ABED350002F3AE1 /* ZenUITests.xctest */,
			);
			name = Products;
			sourceTree = "<group>";
		};
		3FA631472ABED34D002F3AE1 /* Zen */ = {
			isa = PBXGroup;
			children = (
				3FA631482ABED34D002F3AE1 /* ZenApp.swift */,
				3FA6314A2ABED34D002F3AE1 /* Persistence.swift */,
				3FA6314F2ABED34D002F3AE1 /* ContentView.swift */,
				3FA631512ABED350002F3AE1 /* Assets.xcassets */,
				3FA631532ABED350002F3AE1 /* Zen.entitlements */,
				3FA631572ABED350002F3AE1 /* Info.plist */,
				3FA6314C2ABED34D002F3AE1 /* Zen.xcdatamodeld */,
				3FA631542ABED350002F3AE1 /* Preview Content */,
			);
			path = Zen;
			sourceTree = "<group>";
		};
		3FA631542ABED350002F3AE1 /* Preview Content */ = {
			isa = PBXGroup;
			children = (
				3FA631552ABED350002F3AE1 /* Preview Assets.xcassets */,
			);
			path = "Preview Content";
			sourceTree = "<group>";
		};
		3FA6315F2ABED350002F3AE1 /* ZenTests */ = {
			isa = PBXGroup;
			children = (
				3FA631602ABED350002F3AE1 /* ZenTests.swift */,
			);
			path = ZenTests;
			sourceTree = "<group>";
		};
		3FA631692ABED350002F3AE1 /* ZenUITests */ = {
			isa = PBXGroup;
			children = (
				3FA6316A2ABED350002F3AE1 /* ZenUITests.swift */,
				3FA6316C2ABED350002F3AE1 /* ZenUITestsLaunchTests.swift */,
			);
			path = ZenUITests;
			sourceTree = "<group>";
		};
/* End PBXGroup section */

/* Begin PBXNativeTarget section */
		3FA631442ABED34D002F3AE1 /* Zen */ = {
			isa = PBXNativeTarget;
			buildConfigurationList = 3FA631702ABED350002F3AE1 /* Build configuration list for PBXNativeTarget "Zen" */;
			buildPhases = (
				3FA631412ABED34D002F3AE1 /* Sources */,
				3FA631422ABED34D002F3AE1 /* Frameworks */,
				3FA631432ABED34D002F3AE1 /* Resources */,
			);
			buildRules = (
			);
			dependencies = (
			);
			name = Zen;
			productName = Zen;
			productReference = 3FA631452ABED34D002F3AE1 /* Zen.app */;
			productType = "com.apple.product-type.application";
		};
		3FA6315B2ABED350002F3AE1 /* ZenTests */ = {
			isa = PBXNativeTarget;
			buildConfigurationList = 3FA631732ABED350002F3AE1 /* Build configuration list for PBXNativeTarget "ZenTests" */;
			buildPhases = (
				3FA631582ABED350002F3AE1 /* Sources */,
				3FA631592ABED350002F3AE1 /* Frameworks */,
				3FA6315A2ABED350002F3AE1 /* Resources */,
			);
			buildRules = (
			);
			dependencies = (
				3FA6315E2ABED350002F3AE1 /* PBXTargetDependency */,
			);
			name = ZenTests;
			productName = ZenTests;
			productReference = 3FA6315C2ABED350002F3AE1 /* ZenTests.xctest */;
			productType = "com.apple.product-type.bundle.unit-test";
		};
		3FA631652ABED350002F3AE1 /* ZenUITests */ = {
			isa = PBXNativeTarget;
			buildConfigurationList = 3FA631762ABED350002F3AE1 /* Build configuration list for PBXNativeTarget "ZenUITests" */;
			buildPhases = (
				3FA631622ABED350002F3AE1 /* Sources */,
				3FA631632ABED350002F3AE1 /* Frameworks */,
				3FA631642ABED350002F3AE1 /* Resources */,
			);
			buildRules = (
			);
			dependencies = (
				3FA631682ABED350002F3AE1 /* PBXTargetDependency */,
			);
			name = ZenUITests;
			productName = ZenUITests;
			productReference = 3FA631662ABED350002F3AE1 /* ZenUITests.xctest */;
			productType = "com.apple.product-type.bundle.ui-testing";
		};
/* End PBXNativeTarget section */

/* Begin PBXProject section */
		3FA6313D2ABED34C002F3AE1 /* Project object */ = {
			isa = PBXProject;
			attributes = {
				BuildIndependentTargetsInParallel = 1;
				LastSwiftUpdateCheck = 1500;
				LastUpgradeCheck = 1500;
				TargetAttributes = {
					3FA631442ABED34D002F3AE1 = {
						CreatedOnToolsVersion = 15.0;
					};
					3FA6315B2ABED350002F3AE1 = {
						CreatedOnToolsVersion = 15.0;
						TestTargetID = 3FA631442ABED34D002F3AE1;
					};
					3FA631652ABED350002F3AE1 = {
						CreatedOnToolsVersion = 15.0;
						TestTargetID = 3FA631442ABED34D002F3AE1;
					};
				};
			};
			buildConfigurationList = 3FA631402ABED34C002F3AE1 /* Build configuration list for PBXProject "Zen" */;
			compatibilityVersion = "Xcode 14.0";
			developmentRegion = en;
			hasScannedForEncodings = 0;
			knownRegions = (
				en,
				Base,
			);
			mainGroup = 3FA6313C2ABED34C002F3AE1;
			productRefGroup = 3FA631462ABED34D002F3AE1 /* Products */;
			projectDirPath = "";
			projectRoot = "";
			targets = (
				3FA631442ABED34D002F3AE1 /* Zen */,
				3FA6315B2ABED350002F3AE1 /* ZenTests */,
				3FA631652ABED350002F3AE1 /* ZenUITests */,
			);
		};
/* End PBXProject section */

/* Begin PBXResourcesBuildPhase section */
		3FA631432ABED34D002F3AE1 /* Resources */ = {
			isa = PBXResourcesBuildPhase;
			buildActionMask = 2147483647;
			files = (
				3FA631562ABED350002F3AE1 /* Preview Assets.xcassets in Resources */,
				3FA631522ABED350002F3AE1 /* Assets.xcassets in Resources */,
			);
			runOnlyForDeploymentPostprocessing = 0;
		};
		3FA6315A2ABED350002F3AE1 /* Resources */ = {
			isa = PBXResourcesBuildPhase;
			buildActionMask = 2147483647;
			files = (
			);
			runOnlyForDeploymentPostprocessing = 0;
		};
		3FA631642ABED350002F3AE1 /* Resources */ = {
			isa = PBXResourcesBuildPhase;
			buildActionMask = 2147483647;
			files = (
			);
			runOnlyForDeploymentPostprocessing = 0;
		};
/* End PBXResourcesBuildPhase section */

/* Begin PBXSourcesBuildPhase section */
		3FA631412ABED34D002F3AE1 /* Sources */ = {
			isa = PBXSourcesBuildPhase;
			buildActionMask = 2147483647;
			files = (
				3FA631492ABED34D002F3AE1 /* ZenApp.swift in Sources */,
				3FA6314E2ABED34D002F3AE1 /* Zen.xcdatamodeld in Sources */,
				3FA631502ABED34D002F3AE1 /* ContentView.swift in Sources */,
				3FA6314B2ABED34D002F3AE1 /* Persistence.swift in Sources */,
			);
			runOnlyForDeploymentPostprocessing = 0;
		};
		3FA631582ABED350002F3AE1 /* Sources */ = {
			isa = PBXSourcesBuildPhase;
			buildActionMask = 2147483647;
			files = (
				3FA631612ABED350002F3AE1 /* ZenTests.swift in Sources */,
			);
			runOnlyForDeploymentPostprocessing = 0;
		};
		3FA631622ABED350002F3AE1 /* Sources */ = {
			isa = PBXSourcesBuildPhase;
			buildActionMask = 2147483647;
			files = (
				3FA6316D2ABED350002F3AE1 /* ZenUITestsLaunchTests.swift in Sources */,
				3FA6316B2ABED350002F3AE1 /* ZenUITests.swift in Sources */,
			);
			runOnlyForDeploymentPostprocessing = 0;
		};
/* End PBXSourcesBuildPhase section */

/* Begin PBXTargetDependency section */
		3FA6315E2ABED350002F3AE1 /* PBXTargetDependency */ = {
			isa = PBXTargetDependency;
			target = 3FA631442ABED34D002F3AE1 /* Zen */;
			targetProxy = 3FA6315D2ABED350002F3AE1 /* PBXContainerItemProxy */;
		};
		3FA631682ABED350002F3AE1 /* PBXTargetDependency */ = {
			isa = PBXTargetDependency;
			target = 3FA631442ABED34D002F3AE1 /* Zen */;
			targetProxy = 3FA631672ABED350002F3AE1 /* PBXContainerItemProxy */;
		};
/* End PBXTargetDependency section */

/* Begin XCBuildConfiguration section */
		3FA6316E2ABED350002F3AE1 /* Debug */ = {
			isa = XCBuildConfiguration;
			buildSettings = {
				ALWAYS_SEARCH_USER_PATHS = NO;
				ASSETCATALOG_COMPILER_GENERATE_SWIFT_ASSET_SYMBOL_EXTENSIONS = YES;
				CLANG_ANALYZER_NONNULL = YES;
				CLANG_ANALYZER_NUMBER_OBJECT_CONVERSION = YES_AGGRESSIVE;
				CLANG_CXX_LANGUAGE_STANDARD = "gnu++20";
				CLANG_ENABLE_MODULES = YES;
				CLANG_ENABLE_OBJC_ARC = YES;
				CLANG_ENABLE_OBJC_WEAK = YES;
				CLANG_WARN_BLOCK_CAPTURE_AUTORELEASING = YES;
				CLANG_WARN_BOOL_CONVERSION = YES;
				CLANG_WARN_COMMA = YES;
				CLANG_WARN_CONSTANT_CONVERSION = YES;
				CLANG_WARN_DEPRECATED_OBJC_IMPLEMENTATIONS = YES;
				CLANG_WARN_DIRECT_OBJC_ISA_USAGE = YES_ERROR;
				CLANG_WARN_DOCUMENTATION_COMMENTS = YES;
				CLANG_WARN_EMPTY_BODY = YES;
				CLANG_WARN_ENUM_CONVERSION = YES;
				CLANG_WARN_INFINITE_RECURSION = YES;
				CLANG_WARN_INT_CONVERSION = YES;
				CLANG_WARN_NON_LITERAL_NULL_CONVERSION = YES;
				CLANG_WARN_OBJC_IMPLICIT_RETAIN_SELF = YES;
				CLANG_WARN_OBJC_LITERAL_CONVERSION = YES;
				CLANG_WARN_OBJC_ROOT_CLASS = YES_ERROR;
				CLANG_WARN_QUOTED_INCLUDE_IN_FRAMEWORK_HEADER = YES;
				CLANG_WARN_RANGE_LOOP_ANALYSIS = YES;
				CLANG_WARN_STRICT_PROTOTYPES = YES;
				CLANG_WARN_SUSPICIOUS_MOVE = YES;
				CLANG_WARN_UNGUARDED_AVAILABILITY = YES_AGGRESSIVE;
				CLANG_WARN_UNREACHABLE_CODE = YES;
				CLANG_WARN__DUPLICATE_METHOD_MATCH = YES;
				COPY_PHASE_STRIP = NO;
				DEBUG_INFORMATION_FORMAT = dwarf;
				ENABLE_STRICT_OBJC_MSGSEND = YES;
				ENABLE_TESTABILITY = YES;
				ENABLE_USER_SCRIPT_SANDBOXING = YES;
				GCC_C_LANGUAGE_STANDARD = gnu17;
				GCC_DYNAMIC_NO_PIC = NO;
				GCC_NO_COMMON_BLOCKS = YES;
				GCC_OPTIMIZATION_LEVEL = 0;
				GCC_PREPROCESSOR_DEFINITIONS = (
					"DEBUG=1",
					"$(inherited)",
				);
				GCC_WARN_64_TO_32_BIT_CONVERSION = YES;
				GCC_WARN_ABOUT_RETURN_TYPE = YES_ERROR;
				GCC_WARN_UNDECLARED_SELECTOR = YES;
				GCC_WARN_UNINITIALIZED_AUTOS = YES_AGGRESSIVE;
				GCC_WARN_UNUSED_FUNCTION = YES;
				GCC_WARN_UNUSED_VARIABLE = YES;
				LOCALIZATION_PREFERS_STRING_CATALOGS = YES;
				MTL_ENABLE_DEBUG_INFO = INCLUDE_SOURCE;
				MTL_FAST_MATH = YES;
				ONLY_ACTIVE_ARCH = YES;
				SWIFT_ACTIVE_COMPILATION_CONDITIONS = "DEBUG $(inherited)";
				SWIFT_OPTIMIZATION_LEVEL = "-Onone";
			};
			name = Debug;
		};
		3FA6316F2ABED350002F3AE1 /* Release */ = {
			isa = XCBuildConfiguration;
			buildSettings = {
				ALWAYS_SEARCH_USER_PATHS = NO;
				ASSETCATALOG_COMPILER_GENERATE_SWIFT_ASSET_SYMBOL_EXTENSIONS = YES;
				CLANG_ANALYZER_NONNULL = YES;
				CLANG_ANALYZER_NUMBER_OBJECT_CONVERSION = YES_AGGRESSIVE;
				CLANG_CXX_LANGUAGE_STANDARD = "gnu++20";
				CLANG_ENABLE_MODULES = YES;
				CLANG_ENABLE_OBJC_ARC = YES;
				CLANG_ENABLE_OBJC_WEAK = YES;
				CLANG_WARN_BLOCK_CAPTURE_AUTORELEASING = YES;
				CLANG_WARN_BOOL_CONVERSION = YES;
				CLANG_WARN_COMMA = YES;
				CLANG_WARN_CONSTANT_CONVERSION = YES;
				CLANG_WARN_DEPRECATED_OBJC_IMPLEMENTATIONS = YES;
				CLANG_WARN_DIRECT_OBJC_ISA_USAGE = YES_ERROR;
				CLANG_WARN_DOCUMENTATION_COMMENTS = YES;
				CLANG_WARN_EMPTY_BODY = YES;
				CLANG_WARN_ENUM_CONVERSION = YES;
				CLANG_WARN_INFINITE_RECURSION = YES;
				CLANG_WARN_INT_CONVERSION = YES;
				CLANG_WARN_NON_LITERAL_NULL_CONVERSION = YES;
				CLANG_WARN_OBJC_IMPLICIT_RETAIN_SELF = YES;
				CLANG_WARN_OBJC_LITERAL_CONVERSION = YES;
				CLANG_WARN_OBJC_ROOT_CLASS = YES_ERROR;
				CLANG_WARN_QUOTED_INCLUDE_IN_FRAMEWORK_HEADER = YES;
				CLANG_WARN_RANGE_LOOP_ANALYSIS = YES;
				CLANG_WARN_STRICT_PROTOTYPES = YES;
				CLANG_WARN_SUSPICIOUS_MOVE = YES;
				CLANG_WARN_UNGUARDED_AVAILABILITY = YES_AGGRESSIVE;
				CLANG_WARN_UNREACHABLE_CODE = YES;
				CLANG_WARN__DUPLICATE_METHOD_MATCH = YES;
				COPY_PHASE_STRIP = NO;
				DEBUG_INFORMATION_FORMAT = "dwarf-with-dsym";
				ENABLE_NS_ASSERTIONS = NO;
				ENABLE_STRICT_OBJC_MSGSEND = YES;
				ENABLE_USER_SCRIPT_SANDBOXING = YES;
				GCC_C_LANGUAGE_STANDARD = gnu17;
				GCC_NO_COMMON_BLOCKS = YES;
				GCC_WARN_64_TO_32_BIT_CONVERSION = YES;
				GCC_WARN_ABOUT_RETURN_TYPE = YES_ERROR;
				GCC_WARN_UNDECLARED_SELECTOR = YES;
				GCC_WARN_UNINITIALIZED_AUTOS = YES_AGGRESSIVE;
				GCC_WARN_UNUSED_FUNCTION = YES;
				GCC_WARN_UNUSED_VARIABLE = YES;
				LOCALIZATION_PREFERS_STRING_CATALOGS = YES;
				MTL_ENABLE_DEBUG_INFO = NO;
				MTL_FAST_MATH = YES;
				SWIFT_COMPILATION_MODE = wholemodule;
			};
			name = Release;
		};
		3FA631712ABED350002F3AE1 /* Debug */ = {
			isa = XCBuildConfiguration;
			buildSettings = {
				ASSETCATALOG_COMPILER_APPICON_NAME = AppIcon;
				ASSETCATALOG_COMPILER_GLOBAL_ACCENT_COLOR_NAME = AccentColor;
				CODE_SIGN_ENTITLEMENTS = Zen/Zen.entitlements;
				CODE_SIGN_STYLE = Automatic;
				CURRENT_PROJECT_VERSION = 1;
				DEVELOPMENT_ASSET_PATHS = "\"Zen/Preview Content\"";
				DEVELOPMENT_TEAM = N22PJBS26Y;
				ENABLE_HARDENED_RUNTIME = YES;
				ENABLE_PREVIEWS = YES;
				GENERATE_INFOPLIST_FILE = YES;
				INFOPLIST_FILE = Zen/Info.plist;
				INFOPLIST_KEY_CFBundleDisplayName = Zen;
				INFOPLIST_KEY_LSApplicationCategoryType = "public.app-category.lifestyle";
				"INFOPLIST_KEY_UIApplicationSceneManifest_Generation[sdk=iphoneos*]" = YES;
				"INFOPLIST_KEY_UIApplicationSceneManifest_Generation[sdk=iphonesimulator*]" = YES;
				"INFOPLIST_KEY_UIApplicationSupportsIndirectInputEvents[sdk=iphoneos*]" = YES;
				"INFOPLIST_KEY_UIApplicationSupportsIndirectInputEvents[sdk=iphonesimulator*]" = YES;
				"INFOPLIST_KEY_UILaunchScreen_Generation[sdk=iphoneos*]" = YES;
				"INFOPLIST_KEY_UILaunchScreen_Generation[sdk=iphonesimulator*]" = YES;
				"INFOPLIST_KEY_UIStatusBarStyle[sdk=iphoneos*]" = UIStatusBarStyleDefault;
				"INFOPLIST_KEY_UIStatusBarStyle[sdk=iphonesimulator*]" = UIStatusBarStyleDefault;
				INFOPLIST_KEY_UISupportedInterfaceOrientations_iPad = "UIInterfaceOrientationPortrait UIInterfaceOrientationPortraitUpsideDown UIInterfaceOrientationLandscapeLeft UIInterfaceOrientationLandscapeRight";
				INFOPLIST_KEY_UISupportedInterfaceOrientations_iPhone = "UIInterfaceOrientationPortrait UIInterfaceOrientationLandscapeLeft UIInterfaceOrientationLandscapeRight";
				IPHONEOS_DEPLOYMENT_TARGET = 17.0;
				LD_RUNPATH_SEARCH_PATHS = "@executable_path/Frameworks";
				"LD_RUNPATH_SEARCH_PATHS[sdk=macosx*]" = "@executable_path/../Frameworks";
				MACOSX_DEPLOYMENT_TARGET = 14.0;
				MARKETING_VERSION = 1.0;
				PRODUCT_BUNDLE_IDENTIFIER = dev.buhe.Zen;
				PRODUCT_NAME = "$(TARGET_NAME)";
				SDKROOT = auto;
				SUPPORTED_PLATFORMS = "iphoneos iphonesimulator macosx";
				SWIFT_EMIT_LOC_STRINGS = YES;
				SWIFT_VERSION = 5.0;
				TARGETED_DEVICE_FAMILY = "1,2";
			};
			name = Debug;
		};
		3FA631722ABED350002F3AE1 /* Release */ = {
			isa = XCBuildConfiguration;
			buildSettings = {
				ASSETCATALOG_COMPILER_APPICON_NAME = AppIcon;
				ASSETCATALOG_COMPILER_GLOBAL_ACCENT_COLOR_NAME = AccentColor;
				CODE_SIGN_ENTITLEMENTS = Zen/Zen.entitlements;
				CODE_SIGN_STYLE = Automatic;
				CURRENT_PROJECT_VERSION = 1;
				DEVELOPMENT_ASSET_PATHS = "\"Zen/Preview Content\"";
				DEVELOPMENT_TEAM = N22PJBS26Y;
				ENABLE_HARDENED_RUNTIME = YES;
				ENABLE_PREVIEWS = YES;
				GENERATE_INFOPLIST_FILE = YES;
				INFOPLIST_FILE = Zen/Info.plist;
				INFOPLIST_KEY_CFBundleDisplayName = Zen;
				INFOPLIST_KEY_LSApplicationCategoryType = "public.app-category.lifestyle";
				"INFOPLIST_KEY_UIApplicationSceneManifest_Generation[sdk=iphoneos*]" = YES;
				"INFOPLIST_KEY_UIApplicationSceneManifest_Generation[sdk=iphonesimulator*]" = YES;
				"INFOPLIST_KEY_UIApplicationSupportsIndirectInputEvents[sdk=iphoneos*]" = YES;
				"INFOPLIST_KEY_UIApplicationSupportsIndirectInputEvents[sdk=iphonesimulator*]" = YES;
				"INFOPLIST_KEY_UILaunchScreen_Generation[sdk=iphoneos*]" = YES;
				"INFOPLIST_KEY_UILaunchScreen_Generation[sdk=iphonesimulator*]" = YES;
				"INFOPLIST_KEY_UIStatusBarStyle[sdk=iphoneos*]" = UIStatusBarStyleDefault;
				"INFOPLIST_KEY_UIStatusBarStyle[sdk=iphonesimulator*]" = UIStatusBarStyleDefault;
				INFOPLIST_KEY_UISupportedInterfaceOrientations_iPad = "UIInterfaceOrientationPortrait UIInterfaceOrientationPortraitUpsideDown UIInterfaceOrientationLandscapeLeft UIInterfaceOrientationLandscapeRight";
				INFOPLIST_KEY_UISupportedInterfaceOrientations_iPhone = "UIInterfaceOrientationPortrait UIInterfaceOrientationLandscapeLeft UIInterfaceOrientationLandscapeRight";
				IPHONEOS_DEPLOYMENT_TARGET = 17.0;
				LD_RUNPATH_SEARCH_PATHS = "@executable_path/Frameworks";
				"LD_RUNPATH_SEARCH_PATHS[sdk=macosx*]" = "@executable_path/../Frameworks";
				MACOSX_DEPLOYMENT_TARGET = 14.0;
				MARKETING_VERSION = 1.0;
				PRODUCT_BUNDLE_IDENTIFIER = dev.buhe.Zen;
				PRODUCT_NAME = "$(TARGET_NAME)";
				SDKROOT = auto;
				SUPPORTED_PLATFORMS = "iphoneos iphonesimulator macosx";
				SWIFT_EMIT_LOC_STRINGS = YES;
				SWIFT_VERSION = 5.0;
				TARGETED_DEVICE_FAMILY = "1,2";
			};
			name = Release;
		};
		3FA631742ABED350002F3AE1 /* Debug */ = {
			isa = XCBuildConfiguration;
			buildSettings = {
				ALWAYS_EMBED_SWIFT_STANDARD_LIBRARIES = YES;
				BUNDLE_LOADER = "$(TEST_HOST)";
				CODE_SIGN_STYLE = Automatic;
				CURRENT_PROJECT_VERSION = 1;
				DEVELOPMENT_TEAM = N22PJBS26Y;
				GENERATE_INFOPLIST_FILE = YES;
				IPHONEOS_DEPLOYMENT_TARGET = 17.0;
				MACOSX_DEPLOYMENT_TARGET = 14.0;
				MARKETING_VERSION = 1.0;
				PRODUCT_BUNDLE_IDENTIFIER = dev.buhe.ZenTests;
				PRODUCT_NAME = "$(TARGET_NAME)";
				SDKROOT = auto;
				SUPPORTED_PLATFORMS = "iphoneos iphonesimulator macosx";
				SWIFT_EMIT_LOC_STRINGS = NO;
				SWIFT_VERSION = 5.0;
				TARGETED_DEVICE_FAMILY = "1,2";
				TEST_HOST = "$(BUILT_PRODUCTS_DIR)/Zen.app/$(BUNDLE_EXECUTABLE_FOLDER_PATH)/Zen";
			};
			name = Debug;
		};
		3FA631752ABED350002F3AE1 /* Release */ = {
			isa = XCBuildConfiguration;
			buildSettings = {
				ALWAYS_EMBED_SWIFT_STANDARD_LIBRARIES = YES;
				BUNDLE_LOADER = "$(TEST_HOST)";
				CODE_SIGN_STYLE = Automatic;
				CURRENT_PROJECT_VERSION = 1;
				DEVELOPMENT_TEAM = N22PJBS26Y;
				GENERATE_INFOPLIST_FILE = YES;
				IPHONEOS_DEPLOYMENT_TARGET = 17.0;
				MACOSX_DEPLOYMENT_TARGET = 14.0;
				MARKETING_VERSION = 1.0;
				PRODUCT_BUNDLE_IDENTIFIER = dev.buhe.ZenTests;
				PRODUCT_NAME = "$(TARGET_NAME)";
				SDKROOT = auto;
				SUPPORTED_PLATFORMS = "iphoneos iphonesimulator macosx";
				SWIFT_EMIT_LOC_STRINGS = NO;
				SWIFT_VERSION = 5.0;
				TARGETED_DEVICE_FAMILY = "1,2";
				TEST_HOST = "$(BUILT_PRODUCTS_DIR)/Zen.app/$(BUNDLE_EXECUTABLE_FOLDER_PATH)/Zen";
			};
			name = Release;
		};
		3FA631772ABED350002F3AE1 /* Debug */ = {
			isa = XCBuildConfiguration;
			buildSettings = {
				ALWAYS_EMBED_SWIFT_STANDARD_LIBRARIES = YES;
				CODE_SIGN_STYLE = Automatic;
				CURRENT_PROJECT_VERSION = 1;
				DEVELOPMENT_TEAM = N22PJBS26Y;
				GENERATE_INFOPLIST_FILE = YES;
				IPHONEOS_DEPLOYMENT_TARGET = 17.0;
				MACOSX_DEPLOYMENT_TARGET = 14.0;
				MARKETING_VERSION = 1.0;
				PRODUCT_BUNDLE_IDENTIFIER = dev.buhe.ZenUITests;
				PRODUCT_NAME = "$(TARGET_NAME)";
				SDKROOT = auto;
				SUPPORTED_PLATFORMS = "iphoneos iphonesimulator macosx";
				SWIFT_EMIT_LOC_STRINGS = NO;
				SWIFT_VERSION = 5.0;
				TARGETED_DEVICE_FAMILY = "1,2";
				TEST_TARGET_NAME = Zen;
			};
			name = Debug;
		};
		3FA631782ABED350002F3AE1 /* Release */ = {
			isa = XCBuildConfiguration;
			buildSettings = {
				ALWAYS_EMBED_SWIFT_STANDARD_LIBRARIES = YES;
				CODE_SIGN_STYLE = Automatic;
				CURRENT_PROJECT_VERSION = 1;
				DEVELOPMENT_TEAM = N22PJBS26Y;
				GENERATE_INFOPLIST_FILE = YES;
				IPHONEOS_DEPLOYMENT_TARGET = 17.0;
				MACOSX_DEPLOYMENT_TARGET = 14.0;
				MARKETING_VERSION = 1.0;
				PRODUCT_BUNDLE_IDENTIFIER = dev.buhe.ZenUITests;
				PRODUCT_NAME = "$(TARGET_NAME)";
				SDKROOT = auto;
				SUPPORTED_PLATFORMS = "iphoneos iphonesimulator macosx";
				SWIFT_EMIT_LOC_STRINGS = NO;
				SWIFT_VERSION = 5.0;
				TARGETED_DEVICE_FAMILY = "1,2";
				TEST_TARGET_NAME = Zen;
			};
			name = Release;
		};
/* End XCBuildConfiguration section */

/* Begin XCConfigurationList section */
		3FA631402ABED34C002F3AE1 /* Build configuration list for PBXProject "Zen" */ = {
			isa = XCConfigurationList;
			buildConfigurations = (
				3FA6316E2ABED350002F3AE1 /* Debug */,
				3FA6316F2ABED350002F3AE1 /* Release */,
			);
			defaultConfigurationIsVisible = 0;
			defaultConfigurationName = Release;
		};
		3FA631702ABED350002F3AE1 /* Build configuration list for PBXNativeTarget "Zen" */ = {
			isa = XCConfigurationList;
			buildConfigurations = (
				3FA631712ABED350002F3AE1 /* Debug */,
				3FA631722ABED350002F3AE1 /* Release */,
			);
			defaultConfigurationIsVisible = 0;
			defaultConfigurationName = Release;
		};
		3FA631732ABED350002F3AE1 /* Build configuration list for PBXNativeTarget "ZenTests" */ = {
			isa = XCConfigurationList;
			buildConfigurations = (
				3FA631742ABED350002F3AE1 /* Debug */,
				3FA631752ABED350002F3AE1 /* Release */,
			);
			defaultConfigurationIsVisible = 0;
			defaultConfigurationName = Release;
		};
		3FA631762ABED350002F3AE1 /* Build configuration list for PBXNativeTarget "ZenUITests" */ = {
			isa = XCConfigurationList;
			buildConfigurations = (
				3FA631772ABED350002F3AE1 /* Debug */,
				3FA631782ABED350002F3AE1 /* Release */,
			);
			defaultConfigurationIsVisible = 0;
			defaultConfigurationName = Release;
		};
/* End XCConfigurationList section */

/* Begin XCVersionGroup section */
		3FA6314C2ABED34D002F3AE1 /* Zen.xcdatamodeld */ = {
			isa = XCVersionGroup;
			children = (
				3FA6314D2ABED34D002F3AE1 /* Zen.xcdatamodel */,
			);
			currentVersion = 3FA6314D2ABED34D002F3AE1 /* Zen.xcdatamodel */;
			path = Zen.xcdatamodeld;
			sourceTree = "<group>";
			versionGroupType = wrapper.xcdatamodel;
		};
/* End XCVersionGroup section */
	};
	rootObject = 3FA6313D2ABED34C002F3AE1 /* Project object */;
}
